
Microsoft Visual Studio Solution File, Format Version 12.00
# Visual Studio Version 16
VisualStudioVersion = 16.0.29521.150
MinimumVisualStudioVersion = 10.0.40219.1
Project("{9A19103F-16F7-4668-BE54-9A1E7A4F7556}") = "CoachingBusiness", "CoachingBusiness\CoachingBusiness.csproj", "{7AA5AF05-D941-4B21-9E3A-8DE302CA50E3}"
EndProject
Project("{9A19103F-16F7-4668-BE54-9A1E7A4F7556}") = "CoachingBusiness.Test", "CoachingBusinessDB.Test\CoachingBusiness.Test.csproj", "{A37A182D-BFF6-4C47-8E63-D5655D753404}"
EndProject
Global
	GlobalSection(SolutionConfigurationPlatforms) = preSolution
		Debug|Any CPU = Debug|Any CPU
		Release|Any CPU = Release|Any CPU
	EndGlobalSection
	GlobalSection(ProjectConfigurationPlatforms) = postSolution
		{7AA5AF05-D941-4B21-9E3A-8DE302CA50E3}.Debug|Any CPU.ActiveCfg = Debug|Any CPU
		{7AA5AF05-D941-4B21-9E3A-8DE302CA50E3}.Debug|Any CPU.Build.0 = Debug|Any CPU
		{7AA5AF05-D941-4B21-9E3A-8DE302CA50E3}.Release|Any CPU.ActiveCfg = Release|Any CPU
		{7AA5AF05-D941-4B21-9E3A-8DE302CA50E3}.Release|Any CPU.Build.0 = Release|Any CPU
		{A37A182D-BFF6-4C47-8E63-D5655D753404}.Debug|Any CPU.ActiveCfg = Debug|Any CPU
		{A37A182D-BFF6-4C47-8E63-D5655D753404}.Debug|Any CPU.Build.0 = Debug|Any CPU
		{A37A182D-BFF6-4C47-8E63-D5655D753404}.Release|Any CPU.ActiveCfg = Release|Any CPU
		{A37A182D-BFF6-4C47-8E63-D5655D753404}.Release|Any CPU.Build.0 = Release|Any CPU
	EndGlobalSection
	GlobalSection(SolutionProperties) = preSolution
		HideSolutionNode = FALSE
	EndGlobalSection
	GlobalSection(ExtensibilityGlobals) = postSolution
		SolutionGuid = {885CEDB5-C3EF-4740-8E9C-5115999A5D91}
	EndGlobalSection
EndGlobal
